
Microsoft Visual Studio Solution File, Format Version 12.00
# Visual Studio Version 16
VisualStudioVersion = 16.0.31321.278
MinimumVisualStudioVersion = 10.0.40219.1
Project("{D954291E-2A0B-460D-934E-DC6B0785DB48}") = "posUno.Shared", "posUno\posUno.Shared\posUno.Shared.shproj", "{6279C845-92F8-4333-AB99-3D213163593C}"
EndProject
Project("{2150E333-8FDC-42A3-9474-1A3956D46DE8}") = "Platforms", "Platforms", "{E288546B-F6B5-40E5-B928-26E9DC267409}"
EndProject
Project("{FAE04EC0-301F-11D3-BF4B-00C04F79EFBC}") = "posUno.Droid", "posUno\posUno.Droid\posUno.Droid.csproj", "{341CE908-79F1-48C2-84CC-94A5EA2D7B65}"
EndProject
Project("{FAE04EC0-301F-11D3-BF4B-00C04F79EFBC}") = "posUno.iOS", "posUno\posUno.iOS\posUno.iOS.csproj", "{75966CE8-0CA7-44CF-B975-70A12DD3CD5C}"
EndProject
Project("{FAE04EC0-301F-11D3-BF4B-00C04F79EFBC}") = "posUno.UWP", "posUno\posUno.UWP\posUno.UWP.csproj", "{CC0B27E3-19CE-4D59-AAA1-5414558B2A71}"
EndProject
Project("{9A19103F-16F7-4668-BE54-9A1E7A4F7556}") = "posUno.Wasm", "posUno\posUno.Wasm\posUno.Wasm.csproj", "{E4E5F86F-DE42-41A5-A6B5-5C54ECA26051}"
EndProject
Project("{FAE04EC0-301F-11D3-BF4B-00C04F79EFBC}") = "posUno.macOS", "posUno\posUno.macOS\posUno.macOS.csproj", "{5643E750-EEDE-4C75-94B6-828EFAC8F78D}"
EndProject
Project("{9A19103F-16F7-4668-BE54-9A1E7A4F7556}") = "posUno.Skia.Wpf.Host", "posUno\posUno.Skia.Wpf.Host\posUno.Skia.Wpf.Host.csproj", "{FCEAD911-54E7-443C-B3D7-8537F957B1DA}"
EndProject
Project("{9A19103F-16F7-4668-BE54-9A1E7A4F7556}") = "posUno.Skia.Wpf", "posUno\posUno.Skia.Wpf\posUno.Skia.Wpf.csproj", "{F0AC927A-1EEC-4442-8875-3F416913D02D}"
EndProject
Project("{9A19103F-16F7-4668-BE54-9A1E7A4F7556}") = "posUno.Skia.Gtk", "posUno\posUno.Skia.Gtk\posUno.Skia.Gtk.csproj", "{3EDC0A20-C739-45E9-A3B2-78B0469AF4BA}"
EndProject
Project("{9A19103F-16F7-4668-BE54-9A1E7A4F7556}") = "posUno.Skia.Tizen", "posUno\posUno.Skia.Tizen\posUno.Skia.Tizen.csproj", "{199988A3-C252-4FE9-A78E-493A7251BDA5}"
EndProject
Project("{FAE04EC0-301F-11D3-BF4B-00C04F79EFBC}") = "posUno.Api", "posUno.Api\posUno.Api.csproj", "{D915F942-B518-4715-B905-804FEA7D9474}"
EndProject
Global
	GlobalSection(SharedMSBuildProjectFiles) = preSolution
		posUno\posUno.Shared\posUno.Shared.projitems*{199988a3-c252-4fe9-a78e-493a7251bda5}*SharedItemsImports = 5
		posUno\posUno.Shared\posUno.Shared.projitems*{341ce908-79f1-48c2-84cc-94a5ea2d7b65}*SharedItemsImports = 4
		posUno\posUno.Shared\posUno.Shared.projitems*{3edc0a20-c739-45e9-a3b2-78b0469af4ba}*SharedItemsImports = 5
		posUno\posUno.Shared\posUno.Shared.projitems*{5643e750-eede-4c75-94b6-828efac8f78d}*SharedItemsImports = 4
		posUno\posUno.Shared\posUno.Shared.projitems*{6279c845-92f8-4333-ab99-3d213163593c}*SharedItemsImports = 13
		posUno\posUno.Shared\posUno.Shared.projitems*{75966ce8-0ca7-44cf-b975-70a12dd3cd5c}*SharedItemsImports = 4
		posUno\posUno.Shared\posUno.Shared.projitems*{cc0b27e3-19ce-4d59-aaa1-5414558b2a71}*SharedItemsImports = 4
		posUno\posUno.Shared\posUno.Shared.projitems*{e4e5f86f-de42-41a5-a6b5-5c54eca26051}*SharedItemsImports = 5
		posUno\posUno.Shared\posUno.Shared.projitems*{f0ac927a-1eec-4442-8875-3f416913d02d}*SharedItemsImports = 5
	EndGlobalSection
	GlobalSection(SolutionConfigurationPlatforms) = preSolution
		Ad-Hoc|Any CPU = Ad-Hoc|Any CPU
		Ad-Hoc|ARM = Ad-Hoc|ARM
		Ad-Hoc|ARM64 = Ad-Hoc|ARM64
		Ad-Hoc|iPhone = Ad-Hoc|iPhone
		Ad-Hoc|iPhoneSimulator = Ad-Hoc|iPhoneSimulator
		Ad-Hoc|x64 = Ad-Hoc|x64
		Ad-Hoc|x86 = Ad-Hoc|x86
		AppStore|Any CPU = AppStore|Any CPU
		AppStore|ARM = AppStore|ARM
		AppStore|ARM64 = AppStore|ARM64
		AppStore|iPhone = AppStore|iPhone
		AppStore|iPhoneSimulator = AppStore|iPhoneSimulator
		AppStore|x64 = AppStore|x64
		AppStore|x86 = AppStore|x86
		Debug|Any CPU = Debug|Any CPU
		Debug|ARM = Debug|ARM
		Debug|ARM64 = Debug|ARM64
		Debug|iPhone = Debug|iPhone
		Debug|iPhoneSimulator = Debug|iPhoneSimulator
		Debug|x64 = Debug|x64
		Debug|x86 = Debug|x86
		Release|Any CPU = Release|Any CPU
		Release|ARM = Release|ARM
		Release|ARM64 = Release|ARM64
		Release|iPhone = Release|iPhone
		Release|iPhoneSimulator = Release|iPhoneSimulator
		Release|x64 = Release|x64
		Release|x86 = Release|x86
	EndGlobalSection
	GlobalSection(ProjectConfigurationPlatforms) = postSolution
		{341CE908-79F1-48C2-84CC-94A5EA2D7B65}.Ad-Hoc|Any CPU.ActiveCfg = Debug|Any CPU
		{341CE908-79F1-48C2-84CC-94A5EA2D7B65}.Ad-Hoc|Any CPU.Build.0 = Debug|Any CPU
		{341CE908-79F1-48C2-84CC-94A5EA2D7B65}.Ad-Hoc|Any CPU.Deploy.0 = Debug|Any CPU
		{341CE908-79F1-48C2-84CC-94A5EA2D7B65}.Ad-Hoc|ARM.ActiveCfg = Debug|Any CPU
		{341CE908-79F1-48C2-84CC-94A5EA2D7B65}.Ad-Hoc|ARM.Build.0 = Debug|Any CPU
		{341CE908-79F1-48C2-84CC-94A5EA2D7B65}.Ad-Hoc|ARM.Deploy.0 = Debug|Any CPU
		{341CE908-79F1-48C2-84CC-94A5EA2D7B65}.Ad-Hoc|ARM64.ActiveCfg = Debug|Any CPU
		{341CE908-79F1-48C2-84CC-94A5EA2D7B65}.Ad-Hoc|ARM64.Build.0 = Debug|Any CPU
		{341CE908-79F1-48C2-84CC-94A5EA2D7B65}.Ad-Hoc|ARM64.Deploy.0 = Debug|Any CPU
		{341CE908-79F1-48C2-84CC-94A5EA2D7B65}.Ad-Hoc|iPhone.ActiveCfg = Debug|Any CPU
		{341CE908-79F1-48C2-84CC-94A5EA2D7B65}.Ad-Hoc|iPhone.Build.0 = Debug|Any CPU
		{341CE908-79F1-48C2-84CC-94A5EA2D7B65}.Ad-Hoc|iPhone.Deploy.0 = Debug|Any CPU
		{341CE908-79F1-48C2-84CC-94A5EA2D7B65}.Ad-Hoc|iPhoneSimulator.ActiveCfg = Debug|Any CPU
		{341CE908-79F1-48C2-84CC-94A5EA2D7B65}.Ad-Hoc|iPhoneSimulator.Build.0 = Debug|Any CPU
		{341CE908-79F1-48C2-84CC-94A5EA2D7B65}.Ad-Hoc|iPhoneSimulator.Deploy.0 = Debug|Any CPU
		{341CE908-79F1-48C2-84CC-94A5EA2D7B65}.Ad-Hoc|x64.ActiveCfg = Debug|Any CPU
		{341CE908-79F1-48C2-84CC-94A5EA2D7B65}.Ad-Hoc|x64.Build.0 = Debug|Any CPU
		{341CE908-79F1-48C2-84CC-94A5EA2D7B65}.Ad-Hoc|x64.Deploy.0 = Debug|Any CPU
		{341CE908-79F1-48C2-84CC-94A5EA2D7B65}.Ad-Hoc|x86.ActiveCfg = Debug|Any CPU
		{341CE908-79F1-48C2-84CC-94A5EA2D7B65}.Ad-Hoc|x86.Build.0 = Debug|Any CPU
		{341CE908-79F1-48C2-84CC-94A5EA2D7B65}.Ad-Hoc|x86.Deploy.0 = Debug|Any CPU
		{341CE908-79F1-48C2-84CC-94A5EA2D7B65}.AppStore|Any CPU.ActiveCfg = Debug|Any CPU
		{341CE908-79F1-48C2-84CC-94A5EA2D7B65}.AppStore|Any CPU.Build.0 = Debug|Any CPU
		{341CE908-79F1-48C2-84CC-94A5EA2D7B65}.AppStore|Any CPU.Deploy.0 = Debug|Any CPU
		{341CE908-79F1-48C2-84CC-94A5EA2D7B65}.AppStore|ARM.ActiveCfg = Debug|Any CPU
		{341CE908-79F1-48C2-84CC-94A5EA2D7B65}.AppStore|ARM.Build.0 = Debug|Any CPU
		{341CE908-79F1-48C2-84CC-94A5EA2D7B65}.AppStore|ARM.Deploy.0 = Debug|Any CPU
		{341CE908-79F1-48C2-84CC-94A5EA2D7B65}.AppStore|ARM64.ActiveCfg = Debug|Any CPU
		{341CE908-79F1-48C2-84CC-94A5EA2D7B65}.AppStore|ARM64.Build.0 = Debug|Any CPU
		{341CE908-79F1-48C2-84CC-94A5EA2D7B65}.AppStore|ARM64.Deploy.0 = Debug|Any CPU
		{341CE908-79F1-48C2-84CC-94A5EA2D7B65}.AppStore|iPhone.ActiveCfg = Debug|Any CPU
		{341CE908-79F1-48C2-84CC-94A5EA2D7B65}.AppStore|iPhone.Build.0 = Debug|Any CPU
		{341CE908-79F1-48C2-84CC-94A5EA2D7B65}.AppStore|iPhone.Deploy.0 = Debug|Any CPU
		{341CE908-79F1-48C2-84CC-94A5EA2D7B65}.AppStore|iPhoneSimulator.ActiveCfg = Debug|Any CPU
		{341CE908-79F1-48C2-84CC-94A5EA2D7B65}.AppStore|iPhoneSimulator.Build.0 = Debug|Any CPU
		{341CE908-79F1-48C2-84CC-94A5EA2D7B65}.AppStore|iPhoneSimulator.Deploy.0 = Debug|Any CPU
		{341CE908-79F1-48C2-84CC-94A5EA2D7B65}.AppStore|x64.ActiveCfg = Debug|Any CPU
		{341CE908-79F1-48C2-84CC-94A5EA2D7B65}.AppStore|x64.Build.0 = Debug|Any CPU
		{341CE908-79F1-48C2-84CC-94A5EA2D7B65}.AppStore|x64.Deploy.0 = Debug|Any CPU
		{341CE908-79F1-48C2-84CC-94A5EA2D7B65}.AppStore|x86.ActiveCfg = Debug|Any CPU
		{341CE908-79F1-48C2-84CC-94A5EA2D7B65}.AppStore|x86.Build.0 = Debug|Any CPU
		{341CE908-79F1-48C2-84CC-94A5EA2D7B65}.AppStore|x86.Deploy.0 = Debug|Any CPU
		{341CE908-79F1-48C2-84CC-94A5EA2D7B65}.Debug|Any CPU.ActiveCfg = Debug|Any CPU
		{341CE908-79F1-48C2-84CC-94A5EA2D7B65}.Debug|Any CPU.Build.0 = Debug|Any CPU
		{341CE908-79F1-48C2-84CC-94A5EA2D7B65}.Debug|Any CPU.Deploy.0 = Debug|Any CPU
		{341CE908-79F1-48C2-84CC-94A5EA2D7B65}.Debug|ARM.ActiveCfg = Debug|Any CPU
		{341CE908-79F1-48C2-84CC-94A5EA2D7B65}.Debug|ARM.Build.0 = Debug|Any CPU
		{341CE908-79F1-48C2-84CC-94A5EA2D7B65}.Debug|ARM.Deploy.0 = Debug|Any CPU
		{341CE908-79F1-48C2-84CC-94A5EA2D7B65}.Debug|ARM64.ActiveCfg = Debug|Any CPU
		{341CE908-79F1-48C2-84CC-94A5EA2D7B65}.Debug|ARM64.Build.0 = Debug|Any CPU
		{341CE908-79F1-48C2-84CC-94A5EA2D7B65}.Debug|ARM64.Deploy.0 = Debug|Any CPU
		{341CE908-79F1-48C2-84CC-94A5EA2D7B65}.Debug|iPhone.ActiveCfg = Debug|Any CPU
		{341CE908-79F1-48C2-84CC-94A5EA2D7B65}.Debug|iPhone.Build.0 = Debug|Any CPU
		{341CE908-79F1-48C2-84CC-94A5EA2D7B65}.Debug|iPhone.Deploy.0 = Debug|Any CPU
		{341CE908-79F1-48C2-84CC-94A5EA2D7B65}.Debug|iPhoneSimulator.ActiveCfg = Debug|Any CPU
		{341CE908-79F1-48C2-84CC-94A5EA2D7B65}.Debug|iPhoneSimulator.Build.0 = Debug|Any CPU
		{341CE908-79F1-48C2-84CC-94A5EA2D7B65}.Debug|iPhoneSimulator.Deploy.0 = Debug|Any CPU
		{341CE908-79F1-48C2-84CC-94A5EA2D7B65}.Debug|x64.ActiveCfg = Debug|Any CPU
		{341CE908-79F1-48C2-84CC-94A5EA2D7B65}.Debug|x64.Build.0 = Debug|Any CPU
		{341CE908-79F1-48C2-84CC-94A5EA2D7B65}.Debug|x64.Deploy.0 = Debug|Any CPU
		{341CE908-79F1-48C2-84CC-94A5EA2D7B65}.Debug|x86.ActiveCfg = Debug|Any CPU
		{341CE908-79F1-48C2-84CC-94A5EA2D7B65}.Debug|x86.Build.0 = Debug|Any CPU
		{341CE908-79F1-48C2-84CC-94A5EA2D7B65}.Debug|x86.Deploy.0 = Debug|Any CPU
		{341CE908-79F1-48C2-84CC-94A5EA2D7B65}.Release|Any CPU.ActiveCfg = Release|Any CPU
		{341CE908-79F1-48C2-84CC-94A5EA2D7B65}.Release|Any CPU.Build.0 = Release|Any CPU
		{341CE908-79F1-48C2-84CC-94A5EA2D7B65}.Release|Any CPU.Deploy.0 = Release|Any CPU
		{341CE908-79F1-48C2-84CC-94A5EA2D7B65}.Release|ARM.ActiveCfg = Release|Any CPU
		{341CE908-79F1-48C2-84CC-94A5EA2D7B65}.Release|ARM.Build.0 = Release|Any CPU
		{341CE908-79F1-48C2-84CC-94A5EA2D7B65}.Release|ARM.Deploy.0 = Release|Any CPU
		{341CE908-79F1-48C2-84CC-94A5EA2D7B65}.Release|ARM64.ActiveCfg = Release|Any CPU
		{341CE908-79F1-48C2-84CC-94A5EA2D7B65}.Release|ARM64.Build.0 = Release|Any CPU
		{341CE908-79F1-48C2-84CC-94A5EA2D7B65}.Release|ARM64.Deploy.0 = Release|Any CPU
		{341CE908-79F1-48C2-84CC-94A5EA2D7B65}.Release|iPhone.ActiveCfg = Release|Any CPU
		{341CE908-79F1-48C2-84CC-94A5EA2D7B65}.Release|iPhone.Build.0 = Release|Any CPU
		{341CE908-79F1-48C2-84CC-94A5EA2D7B65}.Release|iPhone.Deploy.0 = Release|Any CPU
		{341CE908-79F1-48C2-84CC-94A5EA2D7B65}.Release|iPhoneSimulator.ActiveCfg = Release|Any CPU
		{341CE908-79F1-48C2-84CC-94A5EA2D7B65}.Release|iPhoneSimulator.Build.0 = Release|Any CPU
		{341CE908-79F1-48C2-84CC-94A5EA2D7B65}.Release|iPhoneSimulator.Deploy.0 = Release|Any CPU
		{341CE908-79F1-48C2-84CC-94A5EA2D7B65}.Release|x64.ActiveCfg = Release|Any CPU
		{341CE908-79F1-48C2-84CC-94A5EA2D7B65}.Release|x64.Build.0 = Release|Any CPU
		{341CE908-79F1-48C2-84CC-94A5EA2D7B65}.Release|x64.Deploy.0 = Release|Any CPU
		{341CE908-79F1-48C2-84CC-94A5EA2D7B65}.Release|x86.ActiveCfg = Release|Any CPU
		{341CE908-79F1-48C2-84CC-94A5EA2D7B65}.Release|x86.Build.0 = Release|Any CPU
		{341CE908-79F1-48C2-84CC-94A5EA2D7B65}.Release|x86.Deploy.0 = Release|Any CPU
		{75966CE8-0CA7-44CF-B975-70A12DD3CD5C}.Ad-Hoc|Any CPU.ActiveCfg = Ad-Hoc|iPhoneSimulator
		{75966CE8-0CA7-44CF-B975-70A12DD3CD5C}.Ad-Hoc|ARM.ActiveCfg = Ad-Hoc|iPhoneSimulator
		{75966CE8-0CA7-44CF-B975-70A12DD3CD5C}.Ad-Hoc|ARM64.ActiveCfg = Ad-Hoc|iPhoneSimulator
		{75966CE8-0CA7-44CF-B975-70A12DD3CD5C}.Ad-Hoc|iPhone.ActiveCfg = Ad-Hoc|iPhone
		{75966CE8-0CA7-44CF-B975-70A12DD3CD5C}.Ad-Hoc|iPhone.Build.0 = Ad-Hoc|iPhone
		{75966CE8-0CA7-44CF-B975-70A12DD3CD5C}.Ad-Hoc|iPhoneSimulator.ActiveCfg = Ad-Hoc|iPhoneSimulator
		{75966CE8-0CA7-44CF-B975-70A12DD3CD5C}.Ad-Hoc|iPhoneSimulator.Build.0 = Ad-Hoc|iPhoneSimulator
		{75966CE8-0CA7-44CF-B975-70A12DD3CD5C}.Ad-Hoc|x64.ActiveCfg = Ad-Hoc|iPhoneSimulator
		{75966CE8-0CA7-44CF-B975-70A12DD3CD5C}.Ad-Hoc|x86.ActiveCfg = Ad-Hoc|iPhoneSimulator
		{75966CE8-0CA7-44CF-B975-70A12DD3CD5C}.AppStore|Any CPU.ActiveCfg = AppStore|iPhoneSimulator
		{75966CE8-0CA7-44CF-B975-70A12DD3CD5C}.AppStore|ARM.ActiveCfg = AppStore|iPhoneSimulator
		{75966CE8-0CA7-44CF-B975-70A12DD3CD5C}.AppStore|ARM64.ActiveCfg = AppStore|iPhoneSimulator
		{75966CE8-0CA7-44CF-B975-70A12DD3CD5C}.AppStore|iPhone.ActiveCfg = AppStore|iPhone
		{75966CE8-0CA7-44CF-B975-70A12DD3CD5C}.AppStore|iPhone.Build.0 = AppStore|iPhone
		{75966CE8-0CA7-44CF-B975-70A12DD3CD5C}.AppStore|iPhoneSimulator.ActiveCfg = AppStore|iPhoneSimulator
		{75966CE8-0CA7-44CF-B975-70A12DD3CD5C}.AppStore|iPhoneSimulator.Build.0 = AppStore|iPhoneSimulator
		{75966CE8-0CA7-44CF-B975-70A12DD3CD5C}.AppStore|x64.ActiveCfg = AppStore|iPhoneSimulator
		{75966CE8-0CA7-44CF-B975-70A12DD3CD5C}.AppStore|x86.ActiveCfg = AppStore|iPhoneSimulator
		{75966CE8-0CA7-44CF-B975-70A12DD3CD5C}.Debug|Any CPU.ActiveCfg = Debug|iPhoneSimulator
		{75966CE8-0CA7-44CF-B975-70A12DD3CD5C}.Debug|ARM.ActiveCfg = Debug|iPhoneSimulator
		{75966CE8-0CA7-44CF-B975-70A12DD3CD5C}.Debug|ARM64.ActiveCfg = Debug|iPhoneSimulator
		{75966CE8-0CA7-44CF-B975-70A12DD3CD5C}.Debug|iPhone.ActiveCfg = Debug|iPhone
		{75966CE8-0CA7-44CF-B975-70A12DD3CD5C}.Debug|iPhone.Build.0 = Debug|iPhone
		{75966CE8-0CA7-44CF-B975-70A12DD3CD5C}.Debug|iPhoneSimulator.ActiveCfg = Debug|iPhoneSimulator
		{75966CE8-0CA7-44CF-B975-70A12DD3CD5C}.Debug|iPhoneSimulator.Build.0 = Debug|iPhoneSimulator
		{75966CE8-0CA7-44CF-B975-70A12DD3CD5C}.Debug|x64.ActiveCfg = Debug|iPhoneSimulator
		{75966CE8-0CA7-44CF-B975-70A12DD3CD5C}.Debug|x86.ActiveCfg = Debug|iPhoneSimulator
		{75966CE8-0CA7-44CF-B975-70A12DD3CD5C}.Release|Any CPU.ActiveCfg = Release|iPhoneSimulator
		{75966CE8-0CA7-44CF-B975-70A12DD3CD5C}.Release|ARM.ActiveCfg = Release|iPhoneSimulator
		{75966CE8-0CA7-44CF-B975-70A12DD3CD5C}.Release|ARM64.ActiveCfg = Release|iPhoneSimulator
		{75966CE8-0CA7-44CF-B975-70A12DD3CD5C}.Release|iPhone.ActiveCfg = Release|iPhone
		{75966CE8-0CA7-44CF-B975-70A12DD3CD5C}.Release|iPhone.Build.0 = Release|iPhone
		{75966CE8-0CA7-44CF-B975-70A12DD3CD5C}.Release|iPhoneSimulator.ActiveCfg = Release|iPhoneSimulator
		{75966CE8-0CA7-44CF-B975-70A12DD3CD5C}.Release|iPhoneSimulator.Build.0 = Release|iPhoneSimulator
		{75966CE8-0CA7-44CF-B975-70A12DD3CD5C}.Release|x64.ActiveCfg = Release|iPhoneSimulator
		{75966CE8-0CA7-44CF-B975-70A12DD3CD5C}.Release|x86.ActiveCfg = Release|iPhoneSimulator
		{CC0B27E3-19CE-4D59-AAA1-5414558B2A71}.Ad-Hoc|Any CPU.ActiveCfg = Debug|x86
		{CC0B27E3-19CE-4D59-AAA1-5414558B2A71}.Ad-Hoc|Any CPU.Build.0 = Debug|x86
		{CC0B27E3-19CE-4D59-AAA1-5414558B2A71}.Ad-Hoc|Any CPU.Deploy.0 = Debug|x86
		{CC0B27E3-19CE-4D59-AAA1-5414558B2A71}.Ad-Hoc|ARM.ActiveCfg = Debug|ARM
		{CC0B27E3-19CE-4D59-AAA1-5414558B2A71}.Ad-Hoc|ARM.Build.0 = Debug|ARM
		{CC0B27E3-19CE-4D59-AAA1-5414558B2A71}.Ad-Hoc|ARM.Deploy.0 = Debug|ARM
		{CC0B27E3-19CE-4D59-AAA1-5414558B2A71}.Ad-Hoc|ARM64.ActiveCfg = Debug|ARM64
		{CC0B27E3-19CE-4D59-AAA1-5414558B2A71}.Ad-Hoc|ARM64.Build.0 = Debug|ARM64
		{CC0B27E3-19CE-4D59-AAA1-5414558B2A71}.Ad-Hoc|ARM64.Deploy.0 = Debug|ARM64
		{CC0B27E3-19CE-4D59-AAA1-5414558B2A71}.Ad-Hoc|iPhone.ActiveCfg = Debug|x86
		{CC0B27E3-19CE-4D59-AAA1-5414558B2A71}.Ad-Hoc|iPhone.Build.0 = Debug|x86
		{CC0B27E3-19CE-4D59-AAA1-5414558B2A71}.Ad-Hoc|iPhone.Deploy.0 = Debug|x86
		{CC0B27E3-19CE-4D59-AAA1-5414558B2A71}.Ad-Hoc|iPhoneSimulator.ActiveCfg = Debug|x86
		{CC0B27E3-19CE-4D59-AAA1-5414558B2A71}.Ad-Hoc|iPhoneSimulator.Build.0 = Debug|x86
		{CC0B27E3-19CE-4D59-AAA1-5414558B2A71}.Ad-Hoc|iPhoneSimulator.Deploy.0 = Debug|x86
		{CC0B27E3-19CE-4D59-AAA1-5414558B2A71}.Ad-Hoc|x64.ActiveCfg = Debug|x64
		{CC0B27E3-19CE-4D59-AAA1-5414558B2A71}.Ad-Hoc|x64.Build.0 = Debug|x64
		{CC0B27E3-19CE-4D59-AAA1-5414558B2A71}.Ad-Hoc|x64.Deploy.0 = Debug|x64
		{CC0B27E3-19CE-4D59-AAA1-5414558B2A71}.Ad-Hoc|x86.ActiveCfg = Debug|x86
		{CC0B27E3-19CE-4D59-AAA1-5414558B2A71}.Ad-Hoc|x86.Build.0 = Debug|x86
		{CC0B27E3-19CE-4D59-AAA1-5414558B2A71}.Ad-Hoc|x86.Deploy.0 = Debug|x86
		{CC0B27E3-19CE-4D59-AAA1-5414558B2A71}.AppStore|Any CPU.ActiveCfg = Debug|x86
		{CC0B27E3-19CE-4D59-AAA1-5414558B2A71}.AppStore|Any CPU.Build.0 = Debug|x86
		{CC0B27E3-19CE-4D59-AAA1-5414558B2A71}.AppStore|Any CPU.Deploy.0 = Debug|x86
		{CC0B27E3-19CE-4D59-AAA1-5414558B2A71}.AppStore|ARM.ActiveCfg = Debug|ARM
		{CC0B27E3-19CE-4D59-AAA1-5414558B2A71}.AppStore|ARM.Build.0 = Debug|ARM
		{CC0B27E3-19CE-4D59-AAA1-5414558B2A71}.AppStore|ARM.Deploy.0 = Debug|ARM
		{CC0B27E3-19CE-4D59-AAA1-5414558B2A71}.AppStore|ARM64.ActiveCfg = Debug|ARM64
		{CC0B27E3-19CE-4D59-AAA1-5414558B2A71}.AppStore|ARM64.Build.0 = Debug|ARM64
		{CC0B27E3-19CE-4D59-AAA1-5414558B2A71}.AppStore|ARM64.Deploy.0 = Debug|ARM64
		{CC0B27E3-19CE-4D59-AAA1-5414558B2A71}.AppStore|iPhone.ActiveCfg = Debug|x86
		{CC0B27E3-19CE-4D59-AAA1-5414558B2A71}.AppStore|iPhone.Build.0 = Debug|x86
		{CC0B27E3-19CE-4D59-AAA1-5414558B2A71}.AppStore|iPhone.Deploy.0 = Debug|x86
		{CC0B27E3-19CE-4D59-AAA1-5414558B2A71}.AppStore|iPhoneSimulator.ActiveCfg = Debug|x86
		{CC0B27E3-19CE-4D59-AAA1-5414558B2A71}.AppStore|iPhoneSimulator.Build.0 = Debug|x86
		{CC0B27E3-19CE-4D59-AAA1-5414558B2A71}.AppStore|iPhoneSimulator.Deploy.0 = Debug|x86
		{CC0B27E3-19CE-4D59-AAA1-5414558B2A71}.AppStore|x64.ActiveCfg = Debug|x64
		{CC0B27E3-19CE-4D59-AAA1-5414558B2A71}.AppStore|x64.Build.0 = Debug|x64
		{CC0B27E3-19CE-4D59-AAA1-5414558B2A71}.AppStore|x64.Deploy.0 = Debug|x64
		{CC0B27E3-19CE-4D59-AAA1-5414558B2A71}.AppStore|x86.ActiveCfg = Debug|x86
		{CC0B27E3-19CE-4D59-AAA1-5414558B2A71}.AppStore|x86.Build.0 = Debug|x86
		{CC0B27E3-19CE-4D59-AAA1-5414558B2A71}.AppStore|x86.Deploy.0 = Debug|x86
		{CC0B27E3-19CE-4D59-AAA1-5414558B2A71}.Debug|Any CPU.ActiveCfg = Debug|x86
		{CC0B27E3-19CE-4D59-AAA1-5414558B2A71}.Debug|Any CPU.Build.0 = Debug|x86
		{CC0B27E3-19CE-4D59-AAA1-5414558B2A71}.Debug|Any CPU.Deploy.0 = Debug|x86
		{CC0B27E3-19CE-4D59-AAA1-5414558B2A71}.Debug|ARM.ActiveCfg = Debug|ARM
		{CC0B27E3-19CE-4D59-AAA1-5414558B2A71}.Debug|ARM.Build.0 = Debug|ARM
		{CC0B27E3-19CE-4D59-AAA1-5414558B2A71}.Debug|ARM.Deploy.0 = Debug|ARM
		{CC0B27E3-19CE-4D59-AAA1-5414558B2A71}.Debug|ARM64.ActiveCfg = Debug|ARM64
		{CC0B27E3-19CE-4D59-AAA1-5414558B2A71}.Debug|ARM64.Build.0 = Debug|ARM64
		{CC0B27E3-19CE-4D59-AAA1-5414558B2A71}.Debug|ARM64.Deploy.0 = Debug|ARM64
		{CC0B27E3-19CE-4D59-AAA1-5414558B2A71}.Debug|iPhone.ActiveCfg = Debug|x86
		{CC0B27E3-19CE-4D59-AAA1-5414558B2A71}.Debug|iPhoneSimulator.ActiveCfg = Debug|x86
		{CC0B27E3-19CE-4D59-AAA1-5414558B2A71}.Debug|x64.ActiveCfg = Debug|x64
		{CC0B27E3-19CE-4D59-AAA1-5414558B2A71}.Debug|x64.Build.0 = Debug|x64
		{CC0B27E3-19CE-4D59-AAA1-5414558B2A71}.Debug|x64.Deploy.0 = Debug|x64
		{CC0B27E3-19CE-4D59-AAA1-5414558B2A71}.Debug|x86.ActiveCfg = Debug|x86
		{CC0B27E3-19CE-4D59-AAA1-5414558B2A71}.Debug|x86.Build.0 = Debug|x86
		{CC0B27E3-19CE-4D59-AAA1-5414558B2A71}.Debug|x86.Deploy.0 = Debug|x86
		{CC0B27E3-19CE-4D59-AAA1-5414558B2A71}.Release|Any CPU.ActiveCfg = Release|x86
		{CC0B27E3-19CE-4D59-AAA1-5414558B2A71}.Release|ARM.ActiveCfg = Release|ARM
		{CC0B27E3-19CE-4D59-AAA1-5414558B2A71}.Release|ARM.Build.0 = Release|ARM
		{CC0B27E3-19CE-4D59-AAA1-5414558B2A71}.Release|ARM.Deploy.0 = Release|ARM
		{CC0B27E3-19CE-4D59-AAA1-5414558B2A71}.Release|ARM64.ActiveCfg = Release|ARM64
		{CC0B27E3-19CE-4D59-AAA1-5414558B2A71}.Release|ARM64.Build.0 = Release|ARM64
		{CC0B27E3-19CE-4D59-AAA1-5414558B2A71}.Release|ARM64.Deploy.0 = Release|ARM64
		{CC0B27E3-19CE-4D59-AAA1-5414558B2A71}.Release|iPhone.ActiveCfg = Release|x86
		{CC0B27E3-19CE-4D59-AAA1-5414558B2A71}.Release|iPhoneSimulator.ActiveCfg = Release|x86
		{CC0B27E3-19CE-4D59-AAA1-5414558B2A71}.Release|x64.ActiveCfg = Release|x64
		{CC0B27E3-19CE-4D59-AAA1-5414558B2A71}.Release|x64.Build.0 = Release|x64
		{CC0B27E3-19CE-4D59-AAA1-5414558B2A71}.Release|x64.Deploy.0 = Release|x64
		{CC0B27E3-19CE-4D59-AAA1-5414558B2A71}.Release|x86.ActiveCfg = Release|x86
		{CC0B27E3-19CE-4D59-AAA1-5414558B2A71}.Release|x86.Build.0 = Release|x86
		{CC0B27E3-19CE-4D59-AAA1-5414558B2A71}.Release|x86.Deploy.0 = Release|x86
		{E4E5F86F-DE42-41A5-A6B5-5C54ECA26051}.Ad-Hoc|Any CPU.ActiveCfg = Debug|Any CPU
		{E4E5F86F-DE42-41A5-A6B5-5C54ECA26051}.Ad-Hoc|Any CPU.Build.0 = Debug|Any CPU
		{E4E5F86F-DE42-41A5-A6B5-5C54ECA26051}.Ad-Hoc|ARM.ActiveCfg = Debug|Any CPU
		{E4E5F86F-DE42-41A5-A6B5-5C54ECA26051}.Ad-Hoc|ARM.Build.0 = Debug|Any CPU
		{E4E5F86F-DE42-41A5-A6B5-5C54ECA26051}.Ad-Hoc|ARM64.ActiveCfg = Debug|Any CPU
		{E4E5F86F-DE42-41A5-A6B5-5C54ECA26051}.Ad-Hoc|ARM64.Build.0 = Debug|Any CPU
		{E4E5F86F-DE42-41A5-A6B5-5C54ECA26051}.Ad-Hoc|iPhone.ActiveCfg = Debug|Any CPU
		{E4E5F86F-DE42-41A5-A6B5-5C54ECA26051}.Ad-Hoc|iPhone.Build.0 = Debug|Any CPU
		{E4E5F86F-DE42-41A5-A6B5-5C54ECA26051}.Ad-Hoc|iPhoneSimulator.ActiveCfg = Debug|Any CPU
		{E4E5F86F-DE42-41A5-A6B5-5C54ECA26051}.Ad-Hoc|iPhoneSimulator.Build.0 = Debug|Any CPU
		{E4E5F86F-DE42-41A5-A6B5-5C54ECA26051}.Ad-Hoc|x64.ActiveCfg = Debug|Any CPU
		{E4E5F86F-DE42-41A5-A6B5-5C54ECA26051}.Ad-Hoc|x64.Build.0 = Debug|Any CPU
		{E4E5F86F-DE42-41A5-A6B5-5C54ECA26051}.Ad-Hoc|x86.ActiveCfg = Debug|Any CPU
		{E4E5F86F-DE42-41A5-A6B5-5C54ECA26051}.Ad-Hoc|x86.Build.0 = Debug|Any CPU
		{E4E5F86F-DE42-41A5-A6B5-5C54ECA26051}.AppStore|Any CPU.ActiveCfg = Debug|Any CPU
		{E4E5F86F-DE42-41A5-A6B5-5C54ECA26051}.AppStore|Any CPU.Build.0 = Debug|Any CPU
		{E4E5F86F-DE42-41A5-A6B5-5C54ECA26051}.AppStore|ARM.ActiveCfg = Debug|Any CPU
		{E4E5F86F-DE42-41A5-A6B5-5C54ECA26051}.AppStore|ARM.Build.0 = Debug|Any CPU
		{E4E5F86F-DE42-41A5-A6B5-5C54ECA26051}.AppStore|ARM64.ActiveCfg = Debug|Any CPU
		{E4E5F86F-DE42-41A5-A6B5-5C54ECA26051}.AppStore|ARM64.Build.0 = Debug|Any CPU
		{E4E5F86F-DE42-41A5-A6B5-5C54ECA26051}.AppStore|iPhone.ActiveCfg = Debug|Any CPU
		{E4E5F86F-DE42-41A5-A6B5-5C54ECA26051}.AppStore|iPhone.Build.0 = Debug|Any CPU
		{E4E5F86F-DE42-41A5-A6B5-5C54ECA26051}.AppStore|iPhoneSimulator.ActiveCfg = Debug|Any CPU
		{E4E5F86F-DE42-41A5-A6B5-5C54ECA26051}.AppStore|iPhoneSimulator.Build.0 = Debug|Any CPU
		{E4E5F86F-DE42-41A5-A6B5-5C54ECA26051}.AppStore|x64.ActiveCfg = Debug|Any CPU
		{E4E5F86F-DE42-41A5-A6B5-5C54ECA26051}.AppStore|x64.Build.0 = Debug|Any CPU
		{E4E5F86F-DE42-41A5-A6B5-5C54ECA26051}.AppStore|x86.ActiveCfg = Debug|Any CPU
		{E4E5F86F-DE42-41A5-A6B5-5C54ECA26051}.AppStore|x86.Build.0 = Debug|Any CPU
		{E4E5F86F-DE42-41A5-A6B5-5C54ECA26051}.Debug|Any CPU.ActiveCfg = Debug|Any CPU
		{E4E5F86F-DE42-41A5-A6B5-5C54ECA26051}.Debug|Any CPU.Build.0 = Debug|Any CPU
		{E4E5F86F-DE42-41A5-A6B5-5C54ECA26051}.Debug|ARM.ActiveCfg = Debug|Any CPU
		{E4E5F86F-DE42-41A5-A6B5-5C54ECA26051}.Debug|ARM.Build.0 = Debug|Any CPU
		{E4E5F86F-DE42-41A5-A6B5-5C54ECA26051}.Debug|ARM64.ActiveCfg = Debug|Any CPU
		{E4E5F86F-DE42-41A5-A6B5-5C54ECA26051}.Debug|ARM64.Build.0 = Debug|Any CPU
		{E4E5F86F-DE42-41A5-A6B5-5C54ECA26051}.Debug|iPhone.ActiveCfg = Debug|Any CPU
		{E4E5F86F-DE42-41A5-A6B5-5C54ECA26051}.Debug|iPhone.Build.0 = Debug|Any CPU
		{E4E5F86F-DE42-41A5-A6B5-5C54ECA26051}.Debug|iPhoneSimulator.ActiveCfg = Debug|Any CPU
		{E4E5F86F-DE42-41A5-A6B5-5C54ECA26051}.Debug|iPhoneSimulator.Build.0 = Debug|Any CPU
		{E4E5F86F-DE42-41A5-A6B5-5C54ECA26051}.Debug|x64.ActiveCfg = Debug|Any CPU
		{E4E5F86F-DE42-41A5-A6B5-5C54ECA26051}.Debug|x64.Build.0 = Debug|Any CPU
		{E4E5F86F-DE42-41A5-A6B5-5C54ECA26051}.Debug|x86.ActiveCfg = Debug|Any CPU
		{E4E5F86F-DE42-41A5-A6B5-5C54ECA26051}.Debug|x86.Build.0 = Debug|Any CPU
		{E4E5F86F-DE42-41A5-A6B5-5C54ECA26051}.Release|Any CPU.ActiveCfg = Release|Any CPU
		{E4E5F86F-DE42-41A5-A6B5-5C54ECA26051}.Release|Any CPU.Build.0 = Release|Any CPU
		{E4E5F86F-DE42-41A5-A6B5-5C54ECA26051}.Release|ARM.ActiveCfg = Release|Any CPU
		{E4E5F86F-DE42-41A5-A6B5-5C54ECA26051}.Release|ARM.Build.0 = Release|Any CPU
		{E4E5F86F-DE42-41A5-A6B5-5C54ECA26051}.Release|ARM64.ActiveCfg = Release|Any CPU
		{E4E5F86F-DE42-41A5-A6B5-5C54ECA26051}.Release|ARM64.Build.0 = Release|Any CPU
		{E4E5F86F-DE42-41A5-A6B5-5C54ECA26051}.Release|iPhone.ActiveCfg = Release|Any CPU
		{E4E5F86F-DE42-41A5-A6B5-5C54ECA26051}.Release|iPhone.Build.0 = Release|Any CPU
		{E4E5F86F-DE42-41A5-A6B5-5C54ECA26051}.Release|iPhoneSimulator.ActiveCfg = Release|Any CPU
		{E4E5F86F-DE42-41A5-A6B5-5C54ECA26051}.Release|iPhoneSimulator.Build.0 = Release|Any CPU
		{E4E5F86F-DE42-41A5-A6B5-5C54ECA26051}.Release|x64.ActiveCfg = Release|Any CPU
		{E4E5F86F-DE42-41A5-A6B5-5C54ECA26051}.Release|x64.Build.0 = Release|Any CPU
		{E4E5F86F-DE42-41A5-A6B5-5C54ECA26051}.Release|x86.ActiveCfg = Release|Any CPU
		{E4E5F86F-DE42-41A5-A6B5-5C54ECA26051}.Release|x86.Build.0 = Release|Any CPU
		{5643E750-EEDE-4C75-94B6-828EFAC8F78D}.Ad-Hoc|Any CPU.ActiveCfg = Debug|iPhoneSimulator
		{5643E750-EEDE-4C75-94B6-828EFAC8F78D}.Ad-Hoc|Any CPU.Build.0 = Debug|iPhoneSimulator
		{5643E750-EEDE-4C75-94B6-828EFAC8F78D}.Ad-Hoc|ARM.ActiveCfg = Debug|iPhoneSimulator
		{5643E750-EEDE-4C75-94B6-828EFAC8F78D}.Ad-Hoc|ARM.Build.0 = Debug|iPhoneSimulator
		{5643E750-EEDE-4C75-94B6-828EFAC8F78D}.Ad-Hoc|ARM64.ActiveCfg = Debug|iPhoneSimulator
		{5643E750-EEDE-4C75-94B6-828EFAC8F78D}.Ad-Hoc|ARM64.Build.0 = Debug|iPhoneSimulator
		{5643E750-EEDE-4C75-94B6-828EFAC8F78D}.Ad-Hoc|iPhone.ActiveCfg = Debug|iPhoneSimulator
		{5643E750-EEDE-4C75-94B6-828EFAC8F78D}.Ad-Hoc|iPhone.Build.0 = Debug|iPhoneSimulator
		{5643E750-EEDE-4C75-94B6-828EFAC8F78D}.Ad-Hoc|iPhoneSimulator.ActiveCfg = Debug|iPhoneSimulator
		{5643E750-EEDE-4C75-94B6-828EFAC8F78D}.Ad-Hoc|iPhoneSimulator.Build.0 = Debug|iPhoneSimulator
		{5643E750-EEDE-4C75-94B6-828EFAC8F78D}.Ad-Hoc|x64.ActiveCfg = Debug|iPhoneSimulator
		{5643E750-EEDE-4C75-94B6-828EFAC8F78D}.Ad-Hoc|x64.Build.0 = Debug|iPhoneSimulator
		{5643E750-EEDE-4C75-94B6-828EFAC8F78D}.Ad-Hoc|x86.ActiveCfg = Debug|iPhoneSimulator
		{5643E750-EEDE-4C75-94B6-828EFAC8F78D}.Ad-Hoc|x86.Build.0 = Debug|iPhoneSimulator
		{5643E750-EEDE-4C75-94B6-828EFAC8F78D}.AppStore|Any CPU.ActiveCfg = Debug|iPhoneSimulator
		{5643E750-EEDE-4C75-94B6-828EFAC8F78D}.AppStore|Any CPU.Build.0 = Debug|iPhoneSimulator
		{5643E750-EEDE-4C75-94B6-828EFAC8F78D}.AppStore|ARM.ActiveCfg = Debug|iPhoneSimulator
		{5643E750-EEDE-4C75-94B6-828EFAC8F78D}.AppStore|ARM.Build.0 = Debug|iPhoneSimulator
		{5643E750-EEDE-4C75-94B6-828EFAC8F78D}.AppStore|ARM64.ActiveCfg = Debug|iPhoneSimulator
		{5643E750-EEDE-4C75-94B6-828EFAC8F78D}.AppStore|ARM64.Build.0 = Debug|iPhoneSimulator
		{5643E750-EEDE-4C75-94B6-828EFAC8F78D}.AppStore|iPhone.ActiveCfg = Debug|iPhoneSimulator
		{5643E750-EEDE-4C75-94B6-828EFAC8F78D}.AppStore|iPhone.Build.0 = Debug|iPhoneSimulator
		{5643E750-EEDE-4C75-94B6-828EFAC8F78D}.AppStore|iPhoneSimulator.ActiveCfg = Debug|iPhoneSimulator
		{5643E750-EEDE-4C75-94B6-828EFAC8F78D}.AppStore|iPhoneSimulator.Build.0 = Debug|iPhoneSimulator
		{5643E750-EEDE-4C75-94B6-828EFAC8F78D}.AppStore|x64.ActiveCfg = Debug|iPhoneSimulator
		{5643E750-EEDE-4C75-94B6-828EFAC8F78D}.AppStore|x64.Build.0 = Debug|iPhoneSimulator
		{5643E750-EEDE-4C75-94B6-828EFAC8F78D}.AppStore|x86.ActiveCfg = Debug|iPhoneSimulator
		{5643E750-EEDE-4C75-94B6-828EFAC8F78D}.AppStore|x86.Build.0 = Debug|iPhoneSimulator
		{5643E750-EEDE-4C75-94B6-828EFAC8F78D}.Debug|Any CPU.ActiveCfg = Debug|iPhoneSimulator
		{5643E750-EEDE-4C75-94B6-828EFAC8F78D}.Debug|ARM.ActiveCfg = Debug|iPhoneSimulator
		{5643E750-EEDE-4C75-94B6-828EFAC8F78D}.Debug|ARM64.ActiveCfg = Debug|iPhoneSimulator
		{5643E750-EEDE-4C75-94B6-828EFAC8F78D}.Debug|iPhone.ActiveCfg = Debug|iPhoneSimulator
		{5643E750-EEDE-4C75-94B6-828EFAC8F78D}.Debug|iPhoneSimulator.ActiveCfg = Debug|iPhoneSimulator
		{5643E750-EEDE-4C75-94B6-828EFAC8F78D}.Debug|iPhoneSimulator.Build.0 = Debug|iPhoneSimulator
		{5643E750-EEDE-4C75-94B6-828EFAC8F78D}.Debug|x64.ActiveCfg = Debug|iPhoneSimulator
		{5643E750-EEDE-4C75-94B6-828EFAC8F78D}.Debug|x86.ActiveCfg = Debug|iPhoneSimulator
		{5643E750-EEDE-4C75-94B6-828EFAC8F78D}.Release|Any CPU.ActiveCfg = Release|iPhoneSimulator
		{5643E750-EEDE-4C75-94B6-828EFAC8F78D}.Release|ARM.ActiveCfg = Release|iPhoneSimulator
		{5643E750-EEDE-4C75-94B6-828EFAC8F78D}.Release|ARM64.ActiveCfg = Release|iPhoneSimulator
		{5643E750-EEDE-4C75-94B6-828EFAC8F78D}.Release|iPhone.ActiveCfg = Release|iPhoneSimulator
		{5643E750-EEDE-4C75-94B6-828EFAC8F78D}.Release|iPhoneSimulator.ActiveCfg = Release|iPhoneSimulator
		{5643E750-EEDE-4C75-94B6-828EFAC8F78D}.Release|iPhoneSimulator.Build.0 = Release|iPhoneSimulator
		{5643E750-EEDE-4C75-94B6-828EFAC8F78D}.Release|x64.ActiveCfg = Release|iPhoneSimulator
		{5643E750-EEDE-4C75-94B6-828EFAC8F78D}.Release|x86.ActiveCfg = Release|iPhoneSimulator
		{FCEAD911-54E7-443C-B3D7-8537F957B1DA}.Ad-Hoc|Any CPU.ActiveCfg = Debug|Any CPU
		{FCEAD911-54E7-443C-B3D7-8537F957B1DA}.Ad-Hoc|Any CPU.Build.0 = Debug|Any CPU
		{FCEAD911-54E7-443C-B3D7-8537F957B1DA}.Ad-Hoc|ARM.ActiveCfg = Debug|Any CPU
		{FCEAD911-54E7-443C-B3D7-8537F957B1DA}.Ad-Hoc|ARM.Build.0 = Debug|Any CPU
		{FCEAD911-54E7-443C-B3D7-8537F957B1DA}.Ad-Hoc|ARM64.ActiveCfg = Debug|Any CPU
		{FCEAD911-54E7-443C-B3D7-8537F957B1DA}.Ad-Hoc|ARM64.Build.0 = Debug|Any CPU
		{FCEAD911-54E7-443C-B3D7-8537F957B1DA}.Ad-Hoc|iPhone.ActiveCfg = Debug|Any CPU
		{FCEAD911-54E7-443C-B3D7-8537F957B1DA}.Ad-Hoc|iPhone.Build.0 = Debug|Any CPU
		{FCEAD911-54E7-443C-B3D7-8537F957B1DA}.Ad-Hoc|iPhoneSimulator.ActiveCfg = Debug|Any CPU
		{FCEAD911-54E7-443C-B3D7-8537F957B1DA}.Ad-Hoc|iPhoneSimulator.Build.0 = Debug|Any CPU
		{FCEAD911-54E7-443C-B3D7-8537F957B1DA}.Ad-Hoc|x64.ActiveCfg = Debug|Any CPU
		{FCEAD911-54E7-443C-B3D7-8537F957B1DA}.Ad-Hoc|x64.Build.0 = Debug|Any CPU
		{FCEAD911-54E7-443C-B3D7-8537F957B1DA}.Ad-Hoc|x86.ActiveCfg = Debug|Any CPU
		{FCEAD911-54E7-443C-B3D7-8537F957B1DA}.Ad-Hoc|x86.Build.0 = Debug|Any CPU
		{FCEAD911-54E7-443C-B3D7-8537F957B1DA}.AppStore|Any CPU.ActiveCfg = Debug|Any CPU
		{FCEAD911-54E7-443C-B3D7-8537F957B1DA}.AppStore|Any CPU.Build.0 = Debug|Any CPU
		{FCEAD911-54E7-443C-B3D7-8537F957B1DA}.AppStore|ARM.ActiveCfg = Debug|Any CPU
		{FCEAD911-54E7-443C-B3D7-8537F957B1DA}.AppStore|ARM.Build.0 = Debug|Any CPU
		{FCEAD911-54E7-443C-B3D7-8537F957B1DA}.AppStore|ARM64.ActiveCfg = Debug|Any CPU
		{FCEAD911-54E7-443C-B3D7-8537F957B1DA}.AppStore|ARM64.Build.0 = Debug|Any CPU
		{FCEAD911-54E7-443C-B3D7-8537F957B1DA}.AppStore|iPhone.ActiveCfg = Debug|Any CPU
		{FCEAD911-54E7-443C-B3D7-8537F957B1DA}.AppStore|iPhone.Build.0 = Debug|Any CPU
		{FCEAD911-54E7-443C-B3D7-8537F957B1DA}.AppStore|iPhoneSimulator.ActiveCfg = Debug|Any CPU
		{FCEAD911-54E7-443C-B3D7-8537F957B1DA}.AppStore|iPhoneSimulator.Build.0 = Debug|Any CPU
		{FCEAD911-54E7-443C-B3D7-8537F957B1DA}.AppStore|x64.ActiveCfg = Debug|Any CPU
		{FCEAD911-54E7-443C-B3D7-8537F957B1DA}.AppStore|x64.Build.0 = Debug|Any CPU
		{FCEAD911-54E7-443C-B3D7-8537F957B1DA}.AppStore|x86.ActiveCfg = Debug|Any CPU
		{FCEAD911-54E7-443C-B3D7-8537F957B1DA}.AppStore|x86.Build.0 = Debug|Any CPU
		{FCEAD911-54E7-443C-B3D7-8537F957B1DA}.Debug|Any CPU.ActiveCfg = Debug|Any CPU
		{FCEAD911-54E7-443C-B3D7-8537F957B1DA}.Debug|Any CPU.Build.0 = Debug|Any CPU
		{FCEAD911-54E7-443C-B3D7-8537F957B1DA}.Debug|ARM.ActiveCfg = Debug|Any CPU
		{FCEAD911-54E7-443C-B3D7-8537F957B1DA}.Debug|ARM.Build.0 = Debug|Any CPU
		{FCEAD911-54E7-443C-B3D7-8537F957B1DA}.Debug|ARM64.ActiveCfg = Debug|Any CPU
		{FCEAD911-54E7-443C-B3D7-8537F957B1DA}.Debug|ARM64.Build.0 = Debug|Any CPU
		{FCEAD911-54E7-443C-B3D7-8537F957B1DA}.Debug|iPhone.ActiveCfg = Debug|Any CPU
		{FCEAD911-54E7-443C-B3D7-8537F957B1DA}.Debug|iPhone.Build.0 = Debug|Any CPU
		{FCEAD911-54E7-443C-B3D7-8537F957B1DA}.Debug|iPhoneSimulator.ActiveCfg = Debug|Any CPU
		{FCEAD911-54E7-443C-B3D7-8537F957B1DA}.Debug|iPhoneSimulator.Build.0 = Debug|Any CPU
		{FCEAD911-54E7-443C-B3D7-8537F957B1DA}.Debug|x64.ActiveCfg = Debug|Any CPU
		{FCEAD911-54E7-443C-B3D7-8537F957B1DA}.Debug|x64.Build.0 = Debug|Any CPU
		{FCEAD911-54E7-443C-B3D7-8537F957B1DA}.Debug|x86.ActiveCfg = Debug|Any CPU
		{FCEAD911-54E7-443C-B3D7-8537F957B1DA}.Debug|x86.Build.0 = Debug|Any CPU
		{FCEAD911-54E7-443C-B3D7-8537F957B1DA}.Release|Any CPU.ActiveCfg = Release|Any CPU
		{FCEAD911-54E7-443C-B3D7-8537F957B1DA}.Release|Any CPU.Build.0 = Release|Any CPU
		{FCEAD911-54E7-443C-B3D7-8537F957B1DA}.Release|ARM.ActiveCfg = Release|Any CPU
		{FCEAD911-54E7-443C-B3D7-8537F957B1DA}.Release|ARM.Build.0 = Release|Any CPU
		{FCEAD911-54E7-443C-B3D7-8537F957B1DA}.Release|ARM64.ActiveCfg = Release|Any CPU
		{FCEAD911-54E7-443C-B3D7-8537F957B1DA}.Release|ARM64.Build.0 = Release|Any CPU
		{FCEAD911-54E7-443C-B3D7-8537F957B1DA}.Release|iPhone.ActiveCfg = Release|Any CPU
		{FCEAD911-54E7-443C-B3D7-8537F957B1DA}.Release|iPhone.Build.0 = Release|Any CPU
		{FCEAD911-54E7-443C-B3D7-8537F957B1DA}.Release|iPhoneSimulator.ActiveCfg = Release|Any CPU
		{FCEAD911-54E7-443C-B3D7-8537F957B1DA}.Release|iPhoneSimulator.Build.0 = Release|Any CPU
		{FCEAD911-54E7-443C-B3D7-8537F957B1DA}.Release|x64.ActiveCfg = Release|Any CPU
		{FCEAD911-54E7-443C-B3D7-8537F957B1DA}.Release|x64.Build.0 = Release|Any CPU
		{FCEAD911-54E7-443C-B3D7-8537F957B1DA}.Release|x86.ActiveCfg = Release|Any CPU
		{FCEAD911-54E7-443C-B3D7-8537F957B1DA}.Release|x86.Build.0 = Release|Any CPU
		{F0AC927A-1EEC-4442-8875-3F416913D02D}.Ad-Hoc|Any CPU.ActiveCfg = Debug|Any CPU
		{F0AC927A-1EEC-4442-8875-3F416913D02D}.Ad-Hoc|Any CPU.Build.0 = Debug|Any CPU
		{F0AC927A-1EEC-4442-8875-3F416913D02D}.Ad-Hoc|ARM.ActiveCfg = Debug|Any CPU
		{F0AC927A-1EEC-4442-8875-3F416913D02D}.Ad-Hoc|ARM.Build.0 = Debug|Any CPU
		{F0AC927A-1EEC-4442-8875-3F416913D02D}.Ad-Hoc|ARM64.ActiveCfg = Debug|Any CPU
		{F0AC927A-1EEC-4442-8875-3F416913D02D}.Ad-Hoc|ARM64.Build.0 = Debug|Any CPU
		{F0AC927A-1EEC-4442-8875-3F416913D02D}.Ad-Hoc|iPhone.ActiveCfg = Debug|Any CPU
		{F0AC927A-1EEC-4442-8875-3F416913D02D}.Ad-Hoc|iPhone.Build.0 = Debug|Any CPU
		{F0AC927A-1EEC-4442-8875-3F416913D02D}.Ad-Hoc|iPhoneSimulator.ActiveCfg = Debug|Any CPU
		{F0AC927A-1EEC-4442-8875-3F416913D02D}.Ad-Hoc|iPhoneSimulator.Build.0 = Debug|Any CPU
		{F0AC927A-1EEC-4442-8875-3F416913D02D}.Ad-Hoc|x64.ActiveCfg = Debug|Any CPU
		{F0AC927A-1EEC-4442-8875-3F416913D02D}.Ad-Hoc|x64.Build.0 = Debug|Any CPU
		{F0AC927A-1EEC-4442-8875-3F416913D02D}.Ad-Hoc|x86.ActiveCfg = Debug|Any CPU
		{F0AC927A-1EEC-4442-8875-3F416913D02D}.Ad-Hoc|x86.Build.0 = Debug|Any CPU
		{F0AC927A-1EEC-4442-8875-3F416913D02D}.AppStore|Any CPU.ActiveCfg = Debug|Any CPU
		{F0AC927A-1EEC-4442-8875-3F416913D02D}.AppStore|Any CPU.Build.0 = Debug|Any CPU
		{F0AC927A-1EEC-4442-8875-3F416913D02D}.AppStore|ARM.ActiveCfg = Debug|Any CPU
		{F0AC927A-1EEC-4442-8875-3F416913D02D}.AppStore|ARM.Build.0 = Debug|Any CPU
		{F0AC927A-1EEC-4442-8875-3F416913D02D}.AppStore|ARM64.ActiveCfg = Debug|Any CPU
		{F0AC927A-1EEC-4442-8875-3F416913D02D}.AppStore|ARM64.Build.0 = Debug|Any CPU
		{F0AC927A-1EEC-4442-8875-3F416913D02D}.AppStore|iPhone.ActiveCfg = Debug|Any CPU
		{F0AC927A-1EEC-4442-8875-3F416913D02D}.AppStore|iPhone.Build.0 = Debug|Any CPU
		{F0AC927A-1EEC-4442-8875-3F416913D02D}.AppStore|iPhoneSimulator.ActiveCfg = Debug|Any CPU
		{F0AC927A-1EEC-4442-8875-3F416913D02D}.AppStore|iPhoneSimulator.Build.0 = Debug|Any CPU
		{F0AC927A-1EEC-4442-8875-3F416913D02D}.AppStore|x64.ActiveCfg = Debug|Any CPU
		{F0AC927A-1EEC-4442-8875-3F416913D02D}.AppStore|x64.Build.0 = Debug|Any CPU
		{F0AC927A-1EEC-4442-8875-3F416913D02D}.AppStore|x86.ActiveCfg = Debug|Any CPU
		{F0AC927A-1EEC-4442-8875-3F416913D02D}.AppStore|x86.Build.0 = Debug|Any CPU
		{F0AC927A-1EEC-4442-8875-3F416913D02D}.Debug|Any CPU.ActiveCfg = Debug|Any CPU
		{F0AC927A-1EEC-4442-8875-3F416913D02D}.Debug|Any CPU.Build.0 = Debug|Any CPU
		{F0AC927A-1EEC-4442-8875-3F416913D02D}.Debug|ARM.ActiveCfg = Debug|Any CPU
		{F0AC927A-1EEC-4442-8875-3F416913D02D}.Debug|ARM.Build.0 = Debug|Any CPU
		{F0AC927A-1EEC-4442-8875-3F416913D02D}.Debug|ARM64.ActiveCfg = Debug|Any CPU
		{F0AC927A-1EEC-4442-8875-3F416913D02D}.Debug|ARM64.Build.0 = Debug|Any CPU
		{F0AC927A-1EEC-4442-8875-3F416913D02D}.Debug|iPhone.ActiveCfg = Debug|Any CPU
		{F0AC927A-1EEC-4442-8875-3F416913D02D}.Debug|iPhone.Build.0 = Debug|Any CPU
		{F0AC927A-1EEC-4442-8875-3F416913D02D}.Debug|iPhoneSimulator.ActiveCfg = Debug|Any CPU
		{F0AC927A-1EEC-4442-8875-3F416913D02D}.Debug|iPhoneSimulator.Build.0 = Debug|Any CPU
		{F0AC927A-1EEC-4442-8875-3F416913D02D}.Debug|x64.ActiveCfg = Debug|Any CPU
		{F0AC927A-1EEC-4442-8875-3F416913D02D}.Debug|x64.Build.0 = Debug|Any CPU
		{F0AC927A-1EEC-4442-8875-3F416913D02D}.Debug|x86.ActiveCfg = Debug|Any CPU
		{F0AC927A-1EEC-4442-8875-3F416913D02D}.Debug|x86.Build.0 = Debug|Any CPU
		{F0AC927A-1EEC-4442-8875-3F416913D02D}.Release|Any CPU.ActiveCfg = Release|Any CPU
		{F0AC927A-1EEC-4442-8875-3F416913D02D}.Release|Any CPU.Build.0 = Release|Any CPU
		{F0AC927A-1EEC-4442-8875-3F416913D02D}.Release|ARM.ActiveCfg = Release|Any CPU
		{F0AC927A-1EEC-4442-8875-3F416913D02D}.Release|ARM.Build.0 = Release|Any CPU
		{F0AC927A-1EEC-4442-8875-3F416913D02D}.Release|ARM64.ActiveCfg = Release|Any CPU
		{F0AC927A-1EEC-4442-8875-3F416913D02D}.Release|ARM64.Build.0 = Release|Any CPU
		{F0AC927A-1EEC-4442-8875-3F416913D02D}.Release|iPhone.ActiveCfg = Release|Any CPU
		{F0AC927A-1EEC-4442-8875-3F416913D02D}.Release|iPhone.Build.0 = Release|Any CPU
		{F0AC927A-1EEC-4442-8875-3F416913D02D}.Release|iPhoneSimulator.ActiveCfg = Release|Any CPU
		{F0AC927A-1EEC-4442-8875-3F416913D02D}.Release|iPhoneSimulator.Build.0 = Release|Any CPU
		{F0AC927A-1EEC-4442-8875-3F416913D02D}.Release|x64.ActiveCfg = Release|Any CPU
		{F0AC927A-1EEC-4442-8875-3F416913D02D}.Release|x64.Build.0 = Release|Any CPU
		{F0AC927A-1EEC-4442-8875-3F416913D02D}.Release|x86.ActiveCfg = Release|Any CPU
		{F0AC927A-1EEC-4442-8875-3F416913D02D}.Release|x86.Build.0 = Release|Any CPU
		{3EDC0A20-C739-45E9-A3B2-78B0469AF4BA}.Ad-Hoc|Any CPU.ActiveCfg = Debug|Any CPU
		{3EDC0A20-C739-45E9-A3B2-78B0469AF4BA}.Ad-Hoc|Any CPU.Build.0 = Debug|Any CPU
		{3EDC0A20-C739-45E9-A3B2-78B0469AF4BA}.Ad-Hoc|ARM.ActiveCfg = Debug|Any CPU
		{3EDC0A20-C739-45E9-A3B2-78B0469AF4BA}.Ad-Hoc|ARM.Build.0 = Debug|Any CPU
		{3EDC0A20-C739-45E9-A3B2-78B0469AF4BA}.Ad-Hoc|ARM64.ActiveCfg = Debug|Any CPU
		{3EDC0A20-C739-45E9-A3B2-78B0469AF4BA}.Ad-Hoc|ARM64.Build.0 = Debug|Any CPU
		{3EDC0A20-C739-45E9-A3B2-78B0469AF4BA}.Ad-Hoc|iPhone.ActiveCfg = Debug|Any CPU
		{3EDC0A20-C739-45E9-A3B2-78B0469AF4BA}.Ad-Hoc|iPhone.Build.0 = Debug|Any CPU
		{3EDC0A20-C739-45E9-A3B2-78B0469AF4BA}.Ad-Hoc|iPhoneSimulator.ActiveCfg = Debug|Any CPU
		{3EDC0A20-C739-45E9-A3B2-78B0469AF4BA}.Ad-Hoc|iPhoneSimulator.Build.0 = Debug|Any CPU
		{3EDC0A20-C739-45E9-A3B2-78B0469AF4BA}.Ad-Hoc|x64.ActiveCfg = Debug|Any CPU
		{3EDC0A20-C739-45E9-A3B2-78B0469AF4BA}.Ad-Hoc|x64.Build.0 = Debug|Any CPU
		{3EDC0A20-C739-45E9-A3B2-78B0469AF4BA}.Ad-Hoc|x86.ActiveCfg = Debug|Any CPU
		{3EDC0A20-C739-45E9-A3B2-78B0469AF4BA}.Ad-Hoc|x86.Build.0 = Debug|Any CPU
		{3EDC0A20-C739-45E9-A3B2-78B0469AF4BA}.AppStore|Any CPU.ActiveCfg = Debug|Any CPU
		{3EDC0A20-C739-45E9-A3B2-78B0469AF4BA}.AppStore|Any CPU.Build.0 = Debug|Any CPU
		{3EDC0A20-C739-45E9-A3B2-78B0469AF4BA}.AppStore|ARM.ActiveCfg = Debug|Any CPU
		{3EDC0A20-C739-45E9-A3B2-78B0469AF4BA}.AppStore|ARM.Build.0 = Debug|Any CPU
		{3EDC0A20-C739-45E9-A3B2-78B0469AF4BA}.AppStore|ARM64.ActiveCfg = Debug|Any CPU
		{3EDC0A20-C739-45E9-A3B2-78B0469AF4BA}.AppStore|ARM64.Build.0 = Debug|Any CPU
		{3EDC0A20-C739-45E9-A3B2-78B0469AF4BA}.AppStore|iPhone.ActiveCfg = Debug|Any CPU
		{3EDC0A20-C739-45E9-A3B2-78B0469AF4BA}.AppStore|iPhone.Build.0 = Debug|Any CPU
		{3EDC0A20-C739-45E9-A3B2-78B0469AF4BA}.AppStore|iPhoneSimulator.ActiveCfg = Debug|Any CPU
		{3EDC0A20-C739-45E9-A3B2-78B0469AF4BA}.AppStore|iPhoneSimulator.Build.0 = Debug|Any CPU
		{3EDC0A20-C739-45E9-A3B2-78B0469AF4BA}.AppStore|x64.ActiveCfg = Debug|Any CPU
		{3EDC0A20-C739-45E9-A3B2-78B0469AF4BA}.AppStore|x64.Build.0 = Debug|Any CPU
		{3EDC0A20-C739-45E9-A3B2-78B0469AF4BA}.AppStore|x86.ActiveCfg = Debug|Any CPU
		{3EDC0A20-C739-45E9-A3B2-78B0469AF4BA}.AppStore|x86.Build.0 = Debug|Any CPU
		{3EDC0A20-C739-45E9-A3B2-78B0469AF4BA}.Debug|Any CPU.ActiveCfg = Debug|Any CPU
		{3EDC0A20-C739-45E9-A3B2-78B0469AF4BA}.Debug|Any CPU.Build.0 = Debug|Any CPU
		{3EDC0A20-C739-45E9-A3B2-78B0469AF4BA}.Debug|ARM.ActiveCfg = Debug|Any CPU
		{3EDC0A20-C739-45E9-A3B2-78B0469AF4BA}.Debug|ARM.Build.0 = Debug|Any CPU
		{3EDC0A20-C739-45E9-A3B2-78B0469AF4BA}.Debug|ARM64.ActiveCfg = Debug|Any CPU
		{3EDC0A20-C739-45E9-A3B2-78B0469AF4BA}.Debug|ARM64.Build.0 = Debug|Any CPU
		{3EDC0A20-C739-45E9-A3B2-78B0469AF4BA}.Debug|iPhone.ActiveCfg = Debug|Any CPU
		{3EDC0A20-C739-45E9-A3B2-78B0469AF4BA}.Debug|iPhone.Build.0 = Debug|Any CPU
		{3EDC0A20-C739-45E9-A3B2-78B0469AF4BA}.Debug|iPhoneSimulator.ActiveCfg = Debug|Any CPU
		{3EDC0A20-C739-45E9-A3B2-78B0469AF4BA}.Debug|iPhoneSimulator.Build.0 = Debug|Any CPU
		{3EDC0A20-C739-45E9-A3B2-78B0469AF4BA}.Debug|x64.ActiveCfg = Debug|Any CPU
		{3EDC0A20-C739-45E9-A3B2-78B0469AF4BA}.Debug|x64.Build.0 = Debug|Any CPU
		{3EDC0A20-C739-45E9-A3B2-78B0469AF4BA}.Debug|x86.ActiveCfg = Debug|Any CPU
		{3EDC0A20-C739-45E9-A3B2-78B0469AF4BA}.Debug|x86.Build.0 = Debug|Any CPU
		{3EDC0A20-C739-45E9-A3B2-78B0469AF4BA}.Release|Any CPU.ActiveCfg = Release|Any CPU
		{3EDC0A20-C739-45E9-A3B2-78B0469AF4BA}.Release|Any CPU.Build.0 = Release|Any CPU
		{3EDC0A20-C739-45E9-A3B2-78B0469AF4BA}.Release|ARM.ActiveCfg = Release|Any CPU
		{3EDC0A20-C739-45E9-A3B2-78B0469AF4BA}.Release|ARM.Build.0 = Release|Any CPU
		{3EDC0A20-C739-45E9-A3B2-78B0469AF4BA}.Release|ARM64.ActiveCfg = Release|Any CPU
		{3EDC0A20-C739-45E9-A3B2-78B0469AF4BA}.Release|ARM64.Build.0 = Release|Any CPU
		{3EDC0A20-C739-45E9-A3B2-78B0469AF4BA}.Release|iPhone.ActiveCfg = Release|Any CPU
		{3EDC0A20-C739-45E9-A3B2-78B0469AF4BA}.Release|iPhone.Build.0 = Release|Any CPU
		{3EDC0A20-C739-45E9-A3B2-78B0469AF4BA}.Release|iPhoneSimulator.ActiveCfg = Release|Any CPU
		{3EDC0A20-C739-45E9-A3B2-78B0469AF4BA}.Release|iPhoneSimulator.Build.0 = Release|Any CPU
		{3EDC0A20-C739-45E9-A3B2-78B0469AF4BA}.Release|x64.ActiveCfg = Release|Any CPU
		{3EDC0A20-C739-45E9-A3B2-78B0469AF4BA}.Release|x64.Build.0 = Release|Any CPU
		{3EDC0A20-C739-45E9-A3B2-78B0469AF4BA}.Release|x86.ActiveCfg = Release|Any CPU
		{3EDC0A20-C739-45E9-A3B2-78B0469AF4BA}.Release|x86.Build.0 = Release|Any CPU
		{199988A3-C252-4FE9-A78E-493A7251BDA5}.Ad-Hoc|Any CPU.ActiveCfg = Debug|Any CPU
		{199988A3-C252-4FE9-A78E-493A7251BDA5}.Ad-Hoc|Any CPU.Build.0 = Debug|Any CPU
		{199988A3-C252-4FE9-A78E-493A7251BDA5}.Ad-Hoc|ARM.ActiveCfg = Debug|Any CPU
		{199988A3-C252-4FE9-A78E-493A7251BDA5}.Ad-Hoc|ARM.Build.0 = Debug|Any CPU
		{199988A3-C252-4FE9-A78E-493A7251BDA5}.Ad-Hoc|ARM64.ActiveCfg = Debug|Any CPU
		{199988A3-C252-4FE9-A78E-493A7251BDA5}.Ad-Hoc|ARM64.Build.0 = Debug|Any CPU
		{199988A3-C252-4FE9-A78E-493A7251BDA5}.Ad-Hoc|iPhone.ActiveCfg = Debug|Any CPU
		{199988A3-C252-4FE9-A78E-493A7251BDA5}.Ad-Hoc|iPhone.Build.0 = Debug|Any CPU
		{199988A3-C252-4FE9-A78E-493A7251BDA5}.Ad-Hoc|iPhoneSimulator.ActiveCfg = Debug|Any CPU
		{199988A3-C252-4FE9-A78E-493A7251BDA5}.Ad-Hoc|iPhoneSimulator.Build.0 = Debug|Any CPU
		{199988A3-C252-4FE9-A78E-493A7251BDA5}.Ad-Hoc|x64.ActiveCfg = Debug|Any CPU
		{199988A3-C252-4FE9-A78E-493A7251BDA5}.Ad-Hoc|x64.Build.0 = Debug|Any CPU
		{199988A3-C252-4FE9-A78E-493A7251BDA5}.Ad-Hoc|x86.ActiveCfg = Debug|Any CPU
		{199988A3-C252-4FE9-A78E-493A7251BDA5}.Ad-Hoc|x86.Build.0 = Debug|Any CPU
		{199988A3-C252-4FE9-A78E-493A7251BDA5}.AppStore|Any CPU.ActiveCfg = Debug|Any CPU
		{199988A3-C252-4FE9-A78E-493A7251BDA5}.AppStore|Any CPU.Build.0 = Debug|Any CPU
		{199988A3-C252-4FE9-A78E-493A7251BDA5}.AppStore|ARM.ActiveCfg = Debug|Any CPU
		{199988A3-C252-4FE9-A78E-493A7251BDA5}.AppStore|ARM.Build.0 = Debug|Any CPU
		{199988A3-C252-4FE9-A78E-493A7251BDA5}.AppStore|ARM64.ActiveCfg = Debug|Any CPU
		{199988A3-C252-4FE9-A78E-493A7251BDA5}.AppStore|ARM64.Build.0 = Debug|Any CPU
		{199988A3-C252-4FE9-A78E-493A7251BDA5}.AppStore|iPhone.ActiveCfg = Debug|Any CPU
		{199988A3-C252-4FE9-A78E-493A7251BDA5}.AppStore|iPhone.Build.0 = Debug|Any CPU
		{199988A3-C252-4FE9-A78E-493A7251BDA5}.AppStore|iPhoneSimulator.ActiveCfg = Debug|Any CPU
		{199988A3-C252-4FE9-A78E-493A7251BDA5}.AppStore|iPhoneSimulator.Build.0 = Debug|Any CPU
		{199988A3-C252-4FE9-A78E-493A7251BDA5}.AppStore|x64.ActiveCfg = Debug|Any CPU
		{199988A3-C252-4FE9-A78E-493A7251BDA5}.AppStore|x64.Build.0 = Debug|Any CPU
		{199988A3-C252-4FE9-A78E-493A7251BDA5}.AppStore|x86.ActiveCfg = Debug|Any CPU
		{199988A3-C252-4FE9-A78E-493A7251BDA5}.AppStore|x86.Build.0 = Debug|Any CPU
		{199988A3-C252-4FE9-A78E-493A7251BDA5}.Debug|Any CPU.ActiveCfg = Debug|Any CPU
		{199988A3-C252-4FE9-A78E-493A7251BDA5}.Debug|Any CPU.Build.0 = Debug|Any CPU
		{199988A3-C252-4FE9-A78E-493A7251BDA5}.Debug|ARM.ActiveCfg = Debug|Any CPU
		{199988A3-C252-4FE9-A78E-493A7251BDA5}.Debug|ARM.Build.0 = Debug|Any CPU
		{199988A3-C252-4FE9-A78E-493A7251BDA5}.Debug|ARM64.ActiveCfg = Debug|Any CPU
		{199988A3-C252-4FE9-A78E-493A7251BDA5}.Debug|ARM64.Build.0 = Debug|Any CPU
		{199988A3-C252-4FE9-A78E-493A7251BDA5}.Debug|iPhone.ActiveCfg = Debug|Any CPU
		{199988A3-C252-4FE9-A78E-493A7251BDA5}.Debug|iPhone.Build.0 = Debug|Any CPU
		{199988A3-C252-4FE9-A78E-493A7251BDA5}.Debug|iPhoneSimulator.ActiveCfg = Debug|Any CPU
		{199988A3-C252-4FE9-A78E-493A7251BDA5}.Debug|iPhoneSimulator.Build.0 = Debug|Any CPU
		{199988A3-C252-4FE9-A78E-493A7251BDA5}.Debug|x64.ActiveCfg = Debug|Any CPU
		{199988A3-C252-4FE9-A78E-493A7251BDA5}.Debug|x64.Build.0 = Debug|Any CPU
		{199988A3-C252-4FE9-A78E-493A7251BDA5}.Debug|x86.ActiveCfg = Debug|Any CPU
		{199988A3-C252-4FE9-A78E-493A7251BDA5}.Debug|x86.Build.0 = Debug|Any CPU
		{199988A3-C252-4FE9-A78E-493A7251BDA5}.Release|Any CPU.ActiveCfg = Release|Any CPU
		{199988A3-C252-4FE9-A78E-493A7251BDA5}.Release|Any CPU.Build.0 = Release|Any CPU
		{199988A3-C252-4FE9-A78E-493A7251BDA5}.Release|ARM.ActiveCfg = Release|Any CPU
		{199988A3-C252-4FE9-A78E-493A7251BDA5}.Release|ARM.Build.0 = Release|Any CPU
		{199988A3-C252-4FE9-A78E-493A7251BDA5}.Release|ARM64.ActiveCfg = Release|Any CPU
		{199988A3-C252-4FE9-A78E-493A7251BDA5}.Release|ARM64.Build.0 = Release|Any CPU
		{199988A3-C252-4FE9-A78E-493A7251BDA5}.Release|iPhone.ActiveCfg = Release|Any CPU
		{199988A3-C252-4FE9-A78E-493A7251BDA5}.Release|iPhone.Build.0 = Release|Any CPU
		{199988A3-C252-4FE9-A78E-493A7251BDA5}.Release|iPhoneSimulator.ActiveCfg = Release|Any CPU
		{199988A3-C252-4FE9-A78E-493A7251BDA5}.Release|iPhoneSimulator.Build.0 = Release|Any CPU
		{199988A3-C252-4FE9-A78E-493A7251BDA5}.Release|x64.ActiveCfg = Release|Any CPU
		{199988A3-C252-4FE9-A78E-493A7251BDA5}.Release|x64.Build.0 = Release|Any CPU
		{199988A3-C252-4FE9-A78E-493A7251BDA5}.Release|x86.ActiveCfg = Release|Any CPU
		{199988A3-C252-4FE9-A78E-493A7251BDA5}.Release|x86.Build.0 = Release|Any CPU
		{D915F942-B518-4715-B905-804FEA7D9474}.Ad-Hoc|Any CPU.ActiveCfg = Debug|Any CPU
		{D915F942-B518-4715-B905-804FEA7D9474}.Ad-Hoc|Any CPU.Build.0 = Debug|Any CPU
		{D915F942-B518-4715-B905-804FEA7D9474}.Ad-Hoc|ARM.ActiveCfg = Debug|Any CPU
		{D915F942-B518-4715-B905-804FEA7D9474}.Ad-Hoc|ARM.Build.0 = Debug|Any CPU
		{D915F942-B518-4715-B905-804FEA7D9474}.Ad-Hoc|ARM64.ActiveCfg = Debug|Any CPU
		{D915F942-B518-4715-B905-804FEA7D9474}.Ad-Hoc|ARM64.Build.0 = Debug|Any CPU
		{D915F942-B518-4715-B905-804FEA7D9474}.Ad-Hoc|iPhone.ActiveCfg = Debug|Any CPU
		{D915F942-B518-4715-B905-804FEA7D9474}.Ad-Hoc|iPhone.Build.0 = Debug|Any CPU
		{D915F942-B518-4715-B905-804FEA7D9474}.Ad-Hoc|iPhoneSimulator.ActiveCfg = Debug|Any CPU
		{D915F942-B518-4715-B905-804FEA7D9474}.Ad-Hoc|iPhoneSimulator.Build.0 = Debug|Any CPU
		{D915F942-B518-4715-B905-804FEA7D9474}.Ad-Hoc|x64.ActiveCfg = Debug|Any CPU
		{D915F942-B518-4715-B905-804FEA7D9474}.Ad-Hoc|x64.Build.0 = Debug|Any CPU
		{D915F942-B518-4715-B905-804FEA7D9474}.Ad-Hoc|x86.ActiveCfg = Debug|Any CPU
		{D915F942-B518-4715-B905-804FEA7D9474}.Ad-Hoc|x86.Build.0 = Debug|Any CPU
		{D915F942-B518-4715-B905-804FEA7D9474}.AppStore|Any CPU.ActiveCfg = Debug|Any CPU
		{D915F942-B518-4715-B905-804FEA7D9474}.AppStore|Any CPU.Build.0 = Debug|Any CPU
		{D915F942-B518-4715-B905-804FEA7D9474}.AppStore|ARM.ActiveCfg = Debug|Any CPU
		{D915F942-B518-4715-B905-804FEA7D9474}.AppStore|ARM.Build.0 = Debug|Any CPU
		{D915F942-B518-4715-B905-804FEA7D9474}.AppStore|ARM64.ActiveCfg = Debug|Any CPU
		{D915F942-B518-4715-B905-804FEA7D9474}.AppStore|ARM64.Build.0 = Debug|Any CPU
		{D915F942-B518-4715-B905-804FEA7D9474}.AppStore|iPhone.ActiveCfg = Debug|Any CPU
		{D915F942-B518-4715-B905-804FEA7D9474}.AppStore|iPhone.Build.0 = Debug|Any CPU
		{D915F942-B518-4715-B905-804FEA7D9474}.AppStore|iPhoneSimulator.ActiveCfg = Debug|Any CPU
		{D915F942-B518-4715-B905-804FEA7D9474}.AppStore|iPhoneSimulator.Build.0 = Debug|Any CPU
		{D915F942-B518-4715-B905-804FEA7D9474}.AppStore|x64.ActiveCfg = Debug|Any CPU
		{D915F942-B518-4715-B905-804FEA7D9474}.AppStore|x64.Build.0 = Debug|Any CPU
		{D915F942-B518-4715-B905-804FEA7D9474}.AppStore|x86.ActiveCfg = Debug|Any CPU
		{D915F942-B518-4715-B905-804FEA7D9474}.AppStore|x86.Build.0 = Debug|Any CPU
		{D915F942-B518-4715-B905-804FEA7D9474}.Debug|Any CPU.ActiveCfg = Debug|Any CPU
		{D915F942-B518-4715-B905-804FEA7D9474}.Debug|Any CPU.Build.0 = Debug|Any CPU
		{D915F942-B518-4715-B905-804FEA7D9474}.Debug|ARM.ActiveCfg = Debug|Any CPU
		{D915F942-B518-4715-B905-804FEA7D9474}.Debug|ARM.Build.0 = Debug|Any CPU
		{D915F942-B518-4715-B905-804FEA7D9474}.Debug|ARM64.ActiveCfg = Debug|Any CPU
		{D915F942-B518-4715-B905-804FEA7D9474}.Debug|ARM64.Build.0 = Debug|Any CPU
		{D915F942-B518-4715-B905-804FEA7D9474}.Debug|iPhone.ActiveCfg = Debug|Any CPU
		{D915F942-B518-4715-B905-804FEA7D9474}.Debug|iPhone.Build.0 = Debug|Any CPU
		{D915F942-B518-4715-B905-804FEA7D9474}.Debug|iPhoneSimulator.ActiveCfg = Debug|Any CPU
		{D915F942-B518-4715-B905-804FEA7D9474}.Debug|iPhoneSimulator.Build.0 = Debug|Any CPU
		{D915F942-B518-4715-B905-804FEA7D9474}.Debug|x64.ActiveCfg = Debug|Any CPU
		{D915F942-B518-4715-B905-804FEA7D9474}.Debug|x64.Build.0 = Debug|Any CPU
		{D915F942-B518-4715-B905-804FEA7D9474}.Debug|x86.ActiveCfg = Debug|Any CPU
		{D915F942-B518-4715-B905-804FEA7D9474}.Debug|x86.Build.0 = Debug|Any CPU
		{D915F942-B518-4715-B905-804FEA7D9474}.Release|Any CPU.ActiveCfg = Release|Any CPU
		{D915F942-B518-4715-B905-804FEA7D9474}.Release|Any CPU.Build.0 = Release|Any CPU
		{D915F942-B518-4715-B905-804FEA7D9474}.Release|ARM.ActiveCfg = Release|Any CPU
		{D915F942-B518-4715-B905-804FEA7D9474}.Release|ARM.Build.0 = Release|Any CPU
		{D915F942-B518-4715-B905-804FEA7D9474}.Release|ARM64.ActiveCfg = Release|Any CPU
		{D915F942-B518-4715-B905-804FEA7D9474}.Release|ARM64.Build.0 = Release|Any CPU
		{D915F942-B518-4715-B905-804FEA7D9474}.Release|iPhone.ActiveCfg = Release|Any CPU
		{D915F942-B518-4715-B905-804FEA7D9474}.Release|iPhone.Build.0 = Release|Any CPU
		{D915F942-B518-4715-B905-804FEA7D9474}.Release|iPhoneSimulator.ActiveCfg = Release|Any CPU
		{D915F942-B518-4715-B905-804FEA7D9474}.Release|iPhoneSimulator.Build.0 = Release|Any CPU
		{D915F942-B518-4715-B905-804FEA7D9474}.Release|x64.ActiveCfg = Release|Any CPU
		{D915F942-B518-4715-B905-804FEA7D9474}.Release|x64.Build.0 = Release|Any CPU
		{D915F942-B518-4715-B905-804FEA7D9474}.Release|x86.ActiveCfg = Release|Any CPU
		{D915F942-B518-4715-B905-804FEA7D9474}.Release|x86.Build.0 = Release|Any CPU
	EndGlobalSection
	GlobalSection(SolutionProperties) = preSolution
		HideSolutionNode = FALSE
	EndGlobalSection
	GlobalSection(NestedProjects) = preSolution
		{341CE908-79F1-48C2-84CC-94A5EA2D7B65} = {E288546B-F6B5-40E5-B928-26E9DC267409}
		{75966CE8-0CA7-44CF-B975-70A12DD3CD5C} = {E288546B-F6B5-40E5-B928-26E9DC267409}
		{CC0B27E3-19CE-4D59-AAA1-5414558B2A71} = {E288546B-F6B5-40E5-B928-26E9DC267409}
		{E4E5F86F-DE42-41A5-A6B5-5C54ECA26051} = {E288546B-F6B5-40E5-B928-26E9DC267409}
		{5643E750-EEDE-4C75-94B6-828EFAC8F78D} = {E288546B-F6B5-40E5-B928-26E9DC267409}
		{FCEAD911-54E7-443C-B3D7-8537F957B1DA} = {E288546B-F6B5-40E5-B928-26E9DC267409}
		{F0AC927A-1EEC-4442-8875-3F416913D02D} = {E288546B-F6B5-40E5-B928-26E9DC267409}
		{3EDC0A20-C739-45E9-A3B2-78B0469AF4BA} = {E288546B-F6B5-40E5-B928-26E9DC267409}
		{199988A3-C252-4FE9-A78E-493A7251BDA5} = {E288546B-F6B5-40E5-B928-26E9DC267409}
	EndGlobalSection
	GlobalSection(ExtensibilityGlobals) = postSolution
		SolutionGuid = {D79C1F60-B6ED-46CB-A6BB-5D3A925C2DB7}
	EndGlobalSection
EndGlobal
